
Microsoft Visual Studio Solution File, Format Version 12.00
# Visual Studio Version 16
VisualStudioVersion = 16.0.31112.23
MinimumVisualStudioVersion = 10.0.40219.1
Project("{FAE04EC0-301F-11D3-BF4B-00C04F79EFBC}") = "client", "client\client.csproj", "{73DA802A-CFE0-4967-A75B-46FEE9472261}"
EndProject
Global
	GlobalSection(SolutionConfigurationPlatforms) = preSolution
		Debug|Any CPU = Debug|Any CPU
		Release|Any CPU = Release|Any CPU
	EndGlobalSection
	GlobalSection(ProjectConfigurationPlatforms) = postSolution
		{73DA802A-CFE0-4967-A75B-46FEE9472261}.Debug|Any CPU.ActiveCfg = Debug|Any CPU
		{73DA802A-CFE0-4967-A75B-46FEE9472261}.Debug|Any CPU.Build.0 = Debug|Any CPU
		{73DA802A-CFE0-4967-A75B-46FEE9472261}.Release|Any CPU.ActiveCfg = Release|Any CPU
		{73DA802A-CFE0-4967-A75B-46FEE9472261}.Release|Any CPU.Build.0 = Release|Any CPU
	EndGlobalSection
	GlobalSection(SolutionProperties) = preSolution
		HideSolutionNode = FALSE
	EndGlobalSection
	GlobalSection(ExtensibilityGlobals) = postSolution
		SolutionGuid = {0931BCE2-1306-40EB-BEE1-25FFB292B88E}
	EndGlobalSection
EndGlobal
